
Microsoft Visual Studio Solution File, Format Version 12.00
# Visual Studio 15
VisualStudioVersion = 15.0.28307.271
MinimumVisualStudioVersion = 10.0.40219.1
Project("{FAE04EC0-301F-11D3-BF4B-00C04F79EFBC}") = "ASPNETMVC", "ASPNETMVC\ASPNETMVC.csproj", "{A18D008E-8108-40D8-826F-E7A212BB8EEE}"
EndProject
Global
	GlobalSection(SolutionConfigurationPlatforms) = preSolution
		Debug|Any CPU = Debug|Any CPU
		Release|Any CPU = Release|Any CPU
	EndGlobalSection
	GlobalSection(ProjectConfigurationPlatforms) = postSolution
		{A18D008E-8108-40D8-826F-E7A212BB8EEE}.Debug|Any CPU.ActiveCfg = Debug|Any CPU
		{A18D008E-8108-40D8-826F-E7A212BB8EEE}.Debug|Any CPU.Build.0 = Debug|Any CPU
		{A18D008E-8108-40D8-826F-E7A212BB8EEE}.Release|Any CPU.ActiveCfg = Release|Any CPU
		{A18D008E-8108-40D8-826F-E7A212BB8EEE}.Release|Any CPU.Build.0 = Release|Any CPU
	EndGlobalSection
	GlobalSection(SolutionProperties) = preSolution
		HideSolutionNode = FALSE
	EndGlobalSection
	GlobalSection(ExtensibilityGlobals) = postSolution
		SolutionGuid = {A1CBF226-6226-40AE-80B8-CBF6DBA80D05}
	EndGlobalSection
EndGlobal
